
Microsoft Visual Studio Solution File, Format Version 12.00
Project("{FAE04EC0-301F-11D3-BF4B-00C04F79EFBC}") = "Lab4_cm", "Lab4_cm\Lab4_cm.csproj", "{ADACCBEC-1974-4977-BC42-23896DE90889}"
EndProject
Global
	GlobalSection(SolutionConfigurationPlatforms) = preSolution
		Debug|Any CPU = Debug|Any CPU
		Release|Any CPU = Release|Any CPU
	EndGlobalSection
	GlobalSection(ProjectConfigurationPlatforms) = postSolution
		{ADACCBEC-1974-4977-BC42-23896DE90889}.Debug|Any CPU.ActiveCfg = Debug|Any CPU
		{ADACCBEC-1974-4977-BC42-23896DE90889}.Debug|Any CPU.Build.0 = Debug|Any CPU
		{ADACCBEC-1974-4977-BC42-23896DE90889}.Release|Any CPU.ActiveCfg = Release|Any CPU
		{ADACCBEC-1974-4977-BC42-23896DE90889}.Release|Any CPU.Build.0 = Release|Any CPU
	EndGlobalSection
EndGlobal
